{
  "version": 4,
  "terraform_version": "1.5.4",
  "serial": 5,
  "lineage": "6da0893e-16e3-fb93-0614-9031aff6dba4",
  "outputs": {},
  "resources": [
    {
      "mode": "managed",
      "type": "local_file",
      "name": "games",
      "provider": "provider[\"registry.terraform.io/hashicorp/local\"]",
      "instances": [
        {
          "schema_version": 0,
          "attributes": {
            "content": "FIFA 21",
            "content_base64": null,
            "content_base64sha256": "0QatlfVl9H412mXNB5/Y9evwrDIxEW4ooJpmph2eoUY=",
            "content_base64sha512": "F0zLI9RS+tFB53xwISp1R3wvRQ/Sw4hsxwysWamsAk/cNyHr/X/pmmykTTCuvkRvr+3y+5c7Sc/J/ObRRX1mIg==",
            "content_md5": "44a271e06ddd134cdbeab299288422f3",
            "content_sha1": "f68b901eb16aff12e9458bdb656a7df8d3425d4c",
            "content_sha256": "d106ad95f565f47e35da65cd079fd8f5ebf0ac3231116e28a09a66a61d9ea146",
            "content_sha512": "174ccb23d452fad141e77c70212a75477c2f450fd2c3886cc70cac59a9ac024fdc3721ebfd7fe99a6ca44d30aebe446fafedf2fb973b49cfc9fce6d1457d6622",
            "directory_permission": "0777",
            "file_permission": "0777",
            "filename": "/root/terraform/test/text",
            "id": "f68b901eb16aff12e9458bdb656a7df8d3425d4c",
            "sensitive_content": null,
            "source": null
          },
          "sensitive_attributes": []
        }
      ]
    },
    {
      "mode": "managed",
      "type": "random_pet",
      "name": "other-pet",
      "provider": "provider[\"registry.terraform.io/hashicorp/random\"]",
      "instances": [
        {
          "schema_version": 0,
          "attributes": {
            "id": "Mr.panda",
            "keepers": null,
            "length": 1,
            "prefix": "Mr",
            "separator": "."
          },
          "sensitive_attributes": []
        }
      ]
    }
  ],
  "check_results": null
}
